
Microsoft Visual Studio Solution File, Format Version 12.00
# Visual Studio Version 16
VisualStudioVersion = 16.0.30413.136
MinimumVisualStudioVersion = 10.0.40219.1
Project("{9A19103F-16F7-4668-BE54-9A1E7A4F7556}") = "BikeApp", "BikeApp\BikeApp.csproj", "{33B33A79-1FA3-4228-8B14-0B76C677E3D7}"
EndProject
Project("{9A19103F-16F7-4668-BE54-9A1E7A4F7556}") = "SimulatorGui", "SimulatorGui\SimulatorGui.csproj", "{140D1AD6-1935-43B1-89D9-FFE66900B988}"
EndProject
Project("{9A19103F-16F7-4668-BE54-9A1E7A4F7556}") = "Server", "Server\Server.csproj", "{3936FB85-2E89-4655-A11F-5D359DABD6E8}"
EndProject
Project("{D954291E-2A0B-460D-934E-DC6B0785DB48}") = "PackageUtils", "PackageUtils\PackageUtils.shproj", "{126445E1-C754-417F-9757-944E031C13BD}"
EndProject
Project("{9A19103F-16F7-4668-BE54-9A1E7A4F7556}") = "DoctorApp", "DoctorApp\DoctorApp.csproj", "{E1D46B1D-48C2-4352-A2E8-BEC5038DC825}"
EndProject
Project("{9A19103F-16F7-4668-BE54-9A1E7A4F7556}") = "DocterApplication", "DocterApplication\DocterApplication.csproj", "{E20A134F-DCCA-41A8-9FEF-60A6265071C8}"
EndProject
Global
	GlobalSection(SharedMSBuildProjectFiles) = preSolution
		PackageUtils\PackageUtils.projitems*{126445e1-c754-417f-9757-944e031c13bd}*SharedItemsImports = 13
		PackageUtils\PackageUtils.projitems*{33b33a79-1fa3-4228-8b14-0b76c677e3d7}*SharedItemsImports = 5
		PackageUtils\PackageUtils.projitems*{3936fb85-2e89-4655-a11f-5d359dabd6e8}*SharedItemsImports = 5
		PackageUtils\PackageUtils.projitems*{e1d46b1d-48c2-4352-a2e8-bec5038dc825}*SharedItemsImports = 5
	EndGlobalSection
	GlobalSection(SolutionConfigurationPlatforms) = preSolution
		Debug|Any CPU = Debug|Any CPU
		Release|Any CPU = Release|Any CPU
	EndGlobalSection
	GlobalSection(ProjectConfigurationPlatforms) = postSolution
		{33B33A79-1FA3-4228-8B14-0B76C677E3D7}.Debug|Any CPU.ActiveCfg = Debug|Any CPU
		{33B33A79-1FA3-4228-8B14-0B76C677E3D7}.Debug|Any CPU.Build.0 = Debug|Any CPU
		{33B33A79-1FA3-4228-8B14-0B76C677E3D7}.Release|Any CPU.ActiveCfg = Release|Any CPU
		{33B33A79-1FA3-4228-8B14-0B76C677E3D7}.Release|Any CPU.Build.0 = Release|Any CPU
		{140D1AD6-1935-43B1-89D9-FFE66900B988}.Debug|Any CPU.ActiveCfg = Debug|Any CPU
		{140D1AD6-1935-43B1-89D9-FFE66900B988}.Debug|Any CPU.Build.0 = Debug|Any CPU
		{140D1AD6-1935-43B1-89D9-FFE66900B988}.Release|Any CPU.ActiveCfg = Release|Any CPU
		{140D1AD6-1935-43B1-89D9-FFE66900B988}.Release|Any CPU.Build.0 = Release|Any CPU
		{3936FB85-2E89-4655-A11F-5D359DABD6E8}.Debug|Any CPU.ActiveCfg = Debug|Any CPU
		{3936FB85-2E89-4655-A11F-5D359DABD6E8}.Debug|Any CPU.Build.0 = Debug|Any CPU
		{3936FB85-2E89-4655-A11F-5D359DABD6E8}.Release|Any CPU.ActiveCfg = Release|Any CPU
		{3936FB85-2E89-4655-A11F-5D359DABD6E8}.Release|Any CPU.Build.0 = Release|Any CPU
		{E1D46B1D-48C2-4352-A2E8-BEC5038DC825}.Debug|Any CPU.ActiveCfg = Debug|Any CPU
		{E1D46B1D-48C2-4352-A2E8-BEC5038DC825}.Debug|Any CPU.Build.0 = Debug|Any CPU
		{E1D46B1D-48C2-4352-A2E8-BEC5038DC825}.Release|Any CPU.ActiveCfg = Release|Any CPU
		{E1D46B1D-48C2-4352-A2E8-BEC5038DC825}.Release|Any CPU.Build.0 = Release|Any CPU
		{E20A134F-DCCA-41A8-9FEF-60A6265071C8}.Debug|Any CPU.ActiveCfg = Debug|Any CPU
		{E20A134F-DCCA-41A8-9FEF-60A6265071C8}.Debug|Any CPU.Build.0 = Debug|Any CPU
		{E20A134F-DCCA-41A8-9FEF-60A6265071C8}.Release|Any CPU.ActiveCfg = Release|Any CPU
		{E20A134F-DCCA-41A8-9FEF-60A6265071C8}.Release|Any CPU.Build.0 = Release|Any CPU
	EndGlobalSection
	GlobalSection(SolutionProperties) = preSolution
		HideSolutionNode = FALSE
	EndGlobalSection
	GlobalSection(ExtensibilityGlobals) = postSolution
		SolutionGuid = {A6937310-4F4C-4B2D-A476-C7BFD5A3436F}
	EndGlobalSection
EndGlobal
